<?xml version="1.0" encoding="utf-8"?>
<Project ToolsVersion="4.0" xmlns="http://schemas.microsoft.com/developer/msbuild/2003">
  <ItemGroup>
    <Filter Include="Source Files">
      <UniqueIdentifier>{4FC737F1-C7A5-4376-A066-2A32D752A2FF}</UniqueIdentifier>
      <Extensions>cpp;c;cc;cxx;c++;cppm;ixx;def;odl;idl;hpj;bat;asm;asmx</Extensions>
    </Filter>
    <Filter Include="Header Files">
      <UniqueIdentifier>{93995380-89BD-4b04-88EB-625FBE52EBFB}</UniqueIdentifier>
      <Extensions>h;hh;hpp;hxx;h++;hm;inl;inc;ipp;xsd</Extensions>
    </Filter>
    <Filter Include="Resource Files">
      <UniqueIdentifier>{67DA6AB6-F800-4c08-8B7A-83BB121AAD01}</UniqueIdentifier>
      <Extensions>rc;ico;cur;bmp;dlg;rc2;rct;bin;rgs;gif;jpg;jpeg;jpe;resx;tiff;tif;png;wav;mfcribbon-ms</Extensions>
    </Filter>
  </ItemGroup>
  <ItemGroup>
    <ClCompile Include="PROIECT FOOD TRACKER.cpp">
      <Filter>Source Files</Filter>
    </ClCompile>
    <ClCompile Include="USER.cpp">
      <Filter>Source Files</Filter>
    </ClCompile>
    <ClCompile Include="Produs.cpp">
      <Filter>Source Files</Filter>
    </ClCompile>
    <ClCompile Include="Aliment.cpp">
      <Filter>Source Files</Filter>
    </ClCompile>
    <ClCompile Include="Progres.cpp">
      <Filter>Source Files</Filter>
    </ClCompile>
    <ClCompile Include="Menu.cpp">
      <Filter>Source Files</Filter>
    </ClCompile>
    <ClCompile Include="Meal.cpp">
      <Filter>Source Files</Filter>
    </ClCompile>
    <ClCompile Include="Common.cpp">
      <Filter>Source Files</Filter>
    </ClCompile>
    <ClCompile Include="UserLogin.cpp">
      <Filter>Source Files</Filter>
    </ClCompile>
  </ItemGroup>
  <ItemGroup>
    <ClInclude Include="USER.h">
      <Filter>Header Files</Filter>
    </ClInclude>
    <ClInclude Include="Produs.h">
      <Filter>Header Files</Filter>
    </ClInclude>
    <ClInclude Include="Aliment.h">
      <Filter>Header Files</Filter>
    </ClInclude>
    <ClInclude Include="Progres.h">
      <Filter>Header Files</Filter>
    </ClInclude>
    <ClInclude Include="Menu.h">
      <Filter>Header Files</Filter>
    </ClInclude>
    <ClInclude Include="Meal.h">
      <Filter>Header Files</Filter>
    </ClInclude>
    <ClInclude Include="Common.h">
      <Filter>Header Files</Filter>
    </ClInclude>
    <ClInclude Include="resource.h">
      <Filter>Header Files</Filter>
    </ClInclude>
    <ClInclude Include="Functions.h">
      <Filter>Header Files</Filter>
    </ClInclude>
    <ClInclude Include="UserLogin.h">
      <Filter>Header Files</Filter>
    </ClInclude>
  </ItemGroup>
  <ItemGroup>
    <Text Include="Users.txt">
      <Filter>Source Files</Filter>
    </Text>
    <Text Include="Mic dejun.txt">
      <Filter>Source Files</Filter>
    </Text>
    <Text Include="Pranz.txt">
      <Filter>Source Files</Filter>
    </Text>
    <Text Include="Cina.txt">
      <Filter>Source Files</Filter>
    </Text>
    <Text Include="Data.txt" />
    <Text Include="NrAl.txt">
      <Filter>Source Files</Filter>
    </Text>
    <Text Include="Progres real.txt">
      <Filter>Source Files</Filter>
    </Text>
    <Text Include="Istoric_Mic_Dejun.txt">
      <Filter>Source Files</Filter>
    </Text>
    <Text Include="Istoric_Pranz.txt">
      <Filter>Source Files</Filter>
    </Text>
    <Text Include="Istoric_Cina.txt">
      <Filter>Source Files</Filter>
    </Text>
    <Text Include="Temp_MD.txt">
      <Filter>Source Files</Filter>
    </Text>
    <Text Include="Temp_PR.txt">
      <Filter>Source Files</Filter>
    </Text>
    <Text Include="Temp_CN.txt">
      <Filter>Source Files</Filter>
    </Text>
    <Text Include="Gustari.txt">
      <Filter>Source Files</Filter>
    </Text>
    <Text Include="Istoric_Gustari.txt">
      <Filter>Source Files</Filter>
    </Text>
    <Text Include="Temp_GS.txt">
      <Filter>Source Files</Filter>
    </Text>
    <Text Include="Login_data.txt">
      <Filter>Source Files</Filter>
    </Text>
    <Text Include="Cooldown.txt">
      <Filter>Source Files</Filter>
    </Text>
  </ItemGroup>
  <ItemGroup>
    <ResourceCompile Include="PROIECT FOOD TRACKER.rc">
      <Filter>Resource Files</Filter>
    </ResourceCompile>
  </ItemGroup>
</Project>